
Microsoft Visual Studio Solution File, Format Version 12.00
# Visual Studio 14
VisualStudioVersion = 14.0.25420.1
MinimumVisualStudioVersion = 10.0.40219.1
Project("{FAE04EC0-301F-11D3-BF4B-00C04F79EFBC}") = "SimpleConfigSections", "SimpleConfigSections\SimpleConfigSections.csproj", "{19AC67C4-812A-4473-A78B-B1760C32C324}"
EndProject
Project("{FAE04EC0-301F-11D3-BF4B-00C04F79EFBC}") = "Tests.SimpleConfigSections", "Tests.SimpleConfigSections\Tests.SimpleConfigSections.csproj", "{D809566F-8E89-41DB-BD45-68CD6A0BE9F2}"
EndProject
Project("{FAE04EC0-301F-11D3-BF4B-00C04F79EFBC}") = "SimpleConfigSections.NUnitTests", "SimpleConfigSections.NUnitTests\SimpleConfigSections.NUnitTests.csproj", "{5CA89C3D-2993-478B-8C2E-7D227D4EDA1B}"
EndProject
Global
	GlobalSection(SolutionConfigurationPlatforms) = preSolution
		Debug|Any CPU = Debug|Any CPU
		MONO26-Debug|Any CPU = MONO26-Debug|Any CPU
		MONO26-Release|Any CPU = MONO26-Release|Any CPU
		MONO28-Debug|Any CPU = MONO28-Debug|Any CPU
		MONO28-Release|Any CPU = MONO28-Release|Any CPU
		NET35-Debug|Any CPU = NET35-Debug|Any CPU
		NET35-Release|Any CPU = NET35-Release|Any CPU
		NET40-Debug|Any CPU = NET40-Debug|Any CPU
		NET40-Release|Any CPU = NET40-Release|Any CPU
		NET45-Debug|Any CPU = NET45-Debug|Any CPU
		NET45-Release|Any CPU = NET45-Release|Any CPU
		Nuget|Any CPU = Nuget|Any CPU
		Release|Any CPU = Release|Any CPU
		SL40-Debug|Any CPU = SL40-Debug|Any CPU
		SL40-Release|Any CPU = SL40-Release|Any CPU
		SL50-Debug|Any CPU = SL50-Debug|Any CPU
		SL50-Release|Any CPU = SL50-Release|Any CPU
	EndGlobalSection
	GlobalSection(ProjectConfigurationPlatforms) = postSolution
		{19AC67C4-812A-4473-A78B-B1760C32C324}.Debug|Any CPU.ActiveCfg = Debug|Any CPU
		{19AC67C4-812A-4473-A78B-B1760C32C324}.Debug|Any CPU.Build.0 = Debug|Any CPU
		{19AC67C4-812A-4473-A78B-B1760C32C324}.MONO26-Debug|Any CPU.ActiveCfg = Debug|Any CPU
		{19AC67C4-812A-4473-A78B-B1760C32C324}.MONO26-Debug|Any CPU.Build.0 = Debug|Any CPU
		{19AC67C4-812A-4473-A78B-B1760C32C324}.MONO26-Release|Any CPU.ActiveCfg = Release|Any CPU
		{19AC67C4-812A-4473-A78B-B1760C32C324}.MONO26-Release|Any CPU.Build.0 = Release|Any CPU
		{19AC67C4-812A-4473-A78B-B1760C32C324}.MONO28-Debug|Any CPU.ActiveCfg = Debug|Any CPU
		{19AC67C4-812A-4473-A78B-B1760C32C324}.MONO28-Debug|Any CPU.Build.0 = Debug|Any CPU
		{19AC67C4-812A-4473-A78B-B1760C32C324}.MONO28-Release|Any CPU.ActiveCfg = Release|Any CPU
		{19AC67C4-812A-4473-A78B-B1760C32C324}.MONO28-Release|Any CPU.Build.0 = Release|Any CPU
		{19AC67C4-812A-4473-A78B-B1760C32C324}.NET35-Debug|Any CPU.ActiveCfg = Debug|Any CPU
		{19AC67C4-812A-4473-A78B-B1760C32C324}.NET35-Debug|Any CPU.Build.0 = Debug|Any CPU
		{19AC67C4-812A-4473-A78B-B1760C32C324}.NET35-Release|Any CPU.ActiveCfg = Release|Any CPU
		{19AC67C4-812A-4473-A78B-B1760C32C324}.NET35-Release|Any CPU.Build.0 = Release|Any CPU
		{19AC67C4-812A-4473-A78B-B1760C32C324}.NET40-Debug|Any CPU.ActiveCfg = Debug|Any CPU
		{19AC67C4-812A-4473-A78B-B1760C32C324}.NET40-Debug|Any CPU.Build.0 = Debug|Any CPU
		{19AC67C4-812A-4473-A78B-B1760C32C324}.NET40-Release|Any CPU.ActiveCfg = Release|Any CPU
		{19AC67C4-812A-4473-A78B-B1760C32C324}.NET40-Release|Any CPU.Build.0 = Release|Any CPU
		{19AC67C4-812A-4473-A78B-B1760C32C324}.NET45-Debug|Any CPU.ActiveCfg = Debug|Any CPU
		{19AC67C4-812A-4473-A78B-B1760C32C324}.NET45-Debug|Any CPU.Build.0 = Debug|Any CPU
		{19AC67C4-812A-4473-A78B-B1760C32C324}.NET45-Release|Any CPU.ActiveCfg = Release|Any CPU
		{19AC67C4-812A-4473-A78B-B1760C32C324}.NET45-Release|Any CPU.Build.0 = Release|Any CPU
		{19AC67C4-812A-4473-A78B-B1760C32C324}.Nuget|Any CPU.ActiveCfg = Nuget|Any CPU
		{19AC67C4-812A-4473-A78B-B1760C32C324}.Nuget|Any CPU.Build.0 = Nuget|Any CPU
		{19AC67C4-812A-4473-A78B-B1760C32C324}.Release|Any CPU.ActiveCfg = Release|Any CPU
		{19AC67C4-812A-4473-A78B-B1760C32C324}.Release|Any CPU.Build.0 = Release|Any CPU
		{19AC67C4-812A-4473-A78B-B1760C32C324}.SL40-Debug|Any CPU.ActiveCfg = Debug|Any CPU
		{19AC67C4-812A-4473-A78B-B1760C32C324}.SL40-Debug|Any CPU.Build.0 = Debug|Any CPU
		{19AC67C4-812A-4473-A78B-B1760C32C324}.SL40-Release|Any CPU.ActiveCfg = Release|Any CPU
		{19AC67C4-812A-4473-A78B-B1760C32C324}.SL40-Release|Any CPU.Build.0 = Release|Any CPU
		{19AC67C4-812A-4473-A78B-B1760C32C324}.SL50-Debug|Any CPU.ActiveCfg = Debug|Any CPU
		{19AC67C4-812A-4473-A78B-B1760C32C324}.SL50-Debug|Any CPU.Build.0 = Debug|Any CPU
		{19AC67C4-812A-4473-A78B-B1760C32C324}.SL50-Release|Any CPU.ActiveCfg = Release|Any CPU
		{19AC67C4-812A-4473-A78B-B1760C32C324}.SL50-Release|Any CPU.Build.0 = Release|Any CPU
		{D809566F-8E89-41DB-BD45-68CD6A0BE9F2}.Debug|Any CPU.ActiveCfg = Debug|Any CPU
		{D809566F-8E89-41DB-BD45-68CD6A0BE9F2}.Debug|Any CPU.Build.0 = Debug|Any CPU
		{D809566F-8E89-41DB-BD45-68CD6A0BE9F2}.MONO26-Debug|Any CPU.ActiveCfg = Debug|Any CPU
		{D809566F-8E89-41DB-BD45-68CD6A0BE9F2}.MONO26-Debug|Any CPU.Build.0 = Debug|Any CPU
		{D809566F-8E89-41DB-BD45-68CD6A0BE9F2}.MONO26-Release|Any CPU.ActiveCfg = Release|Any CPU
		{D809566F-8E89-41DB-BD45-68CD6A0BE9F2}.MONO26-Release|Any CPU.Build.0 = Release|Any CPU
		{D809566F-8E89-41DB-BD45-68CD6A0BE9F2}.MONO28-Debug|Any CPU.ActiveCfg = Debug|Any CPU
		{D809566F-8E89-41DB-BD45-68CD6A0BE9F2}.MONO28-Debug|Any CPU.Build.0 = Debug|Any CPU
		{D809566F-8E89-41DB-BD45-68CD6A0BE9F2}.MONO28-Release|Any CPU.ActiveCfg = Release|Any CPU
		{D809566F-8E89-41DB-BD45-68CD6A0BE9F2}.MONO28-Release|Any CPU.Build.0 = Release|Any CPU
		{D809566F-8E89-41DB-BD45-68CD6A0BE9F2}.NET35-Debug|Any CPU.ActiveCfg = Debug|Any CPU
		{D809566F-8E89-41DB-BD45-68CD6A0BE9F2}.NET35-Debug|Any CPU.Build.0 = Debug|Any CPU
		{D809566F-8E89-41DB-BD45-68CD6A0BE9F2}.NET35-Release|Any CPU.ActiveCfg = Release|Any CPU
		{D809566F-8E89-41DB-BD45-68CD6A0BE9F2}.NET35-Release|Any CPU.Build.0 = Release|Any CPU
		{D809566F-8E89-41DB-BD45-68CD6A0BE9F2}.NET40-Debug|Any CPU.ActiveCfg = Debug|Any CPU
		{D809566F-8E89-41DB-BD45-68CD6A0BE9F2}.NET40-Debug|Any CPU.Build.0 = Debug|Any CPU
		{D809566F-8E89-41DB-BD45-68CD6A0BE9F2}.NET40-Release|Any CPU.ActiveCfg = Release|Any CPU
		{D809566F-8E89-41DB-BD45-68CD6A0BE9F2}.NET40-Release|Any CPU.Build.0 = Release|Any CPU
		{D809566F-8E89-41DB-BD45-68CD6A0BE9F2}.NET45-Debug|Any CPU.ActiveCfg = Debug|Any CPU
		{D809566F-8E89-41DB-BD45-68CD6A0BE9F2}.NET45-Debug|Any CPU.Build.0 = Debug|Any CPU
		{D809566F-8E89-41DB-BD45-68CD6A0BE9F2}.NET45-Release|Any CPU.ActiveCfg = Release|Any CPU
		{D809566F-8E89-41DB-BD45-68CD6A0BE9F2}.NET45-Release|Any CPU.Build.0 = Release|Any CPU
		{D809566F-8E89-41DB-BD45-68CD6A0BE9F2}.Nuget|Any CPU.ActiveCfg = Nuget|Any CPU
		{D809566F-8E89-41DB-BD45-68CD6A0BE9F2}.Nuget|Any CPU.Build.0 = Nuget|Any CPU
		{D809566F-8E89-41DB-BD45-68CD6A0BE9F2}.Release|Any CPU.ActiveCfg = Release|Any CPU
		{D809566F-8E89-41DB-BD45-68CD6A0BE9F2}.Release|Any CPU.Build.0 = Release|Any CPU
		{D809566F-8E89-41DB-BD45-68CD6A0BE9F2}.SL40-Debug|Any CPU.ActiveCfg = Debug|Any CPU
		{D809566F-8E89-41DB-BD45-68CD6A0BE9F2}.SL40-Debug|Any CPU.Build.0 = Debug|Any CPU
		{D809566F-8E89-41DB-BD45-68CD6A0BE9F2}.SL40-Release|Any CPU.ActiveCfg = Release|Any CPU
		{D809566F-8E89-41DB-BD45-68CD6A0BE9F2}.SL40-Release|Any CPU.Build.0 = Release|Any CPU
		{D809566F-8E89-41DB-BD45-68CD6A0BE9F2}.SL50-Debug|Any CPU.ActiveCfg = Debug|Any CPU
		{D809566F-8E89-41DB-BD45-68CD6A0BE9F2}.SL50-Debug|Any CPU.Build.0 = Debug|Any CPU
		{D809566F-8E89-41DB-BD45-68CD6A0BE9F2}.SL50-Release|Any CPU.ActiveCfg = Release|Any CPU
		{D809566F-8E89-41DB-BD45-68CD6A0BE9F2}.SL50-Release|Any CPU.Build.0 = Release|Any CPU
		{5CA89C3D-2993-478B-8C2E-7D227D4EDA1B}.Debug|Any CPU.ActiveCfg = Debug|Any CPU
		{5CA89C3D-2993-478B-8C2E-7D227D4EDA1B}.Debug|Any CPU.Build.0 = Debug|Any CPU
		{5CA89C3D-2993-478B-8C2E-7D227D4EDA1B}.MONO26-Debug|Any CPU.ActiveCfg = Debug|Any CPU
		{5CA89C3D-2993-478B-8C2E-7D227D4EDA1B}.MONO26-Debug|Any CPU.Build.0 = Debug|Any CPU
		{5CA89C3D-2993-478B-8C2E-7D227D4EDA1B}.MONO26-Release|Any CPU.ActiveCfg = Release|Any CPU
		{5CA89C3D-2993-478B-8C2E-7D227D4EDA1B}.MONO26-Release|Any CPU.Build.0 = Release|Any CPU
		{5CA89C3D-2993-478B-8C2E-7D227D4EDA1B}.MONO28-Debug|Any CPU.ActiveCfg = Debug|Any CPU
		{5CA89C3D-2993-478B-8C2E-7D227D4EDA1B}.MONO28-Debug|Any CPU.Build.0 = Debug|Any CPU
		{5CA89C3D-2993-478B-8C2E-7D227D4EDA1B}.MONO28-Release|Any CPU.ActiveCfg = Release|Any CPU
		{5CA89C3D-2993-478B-8C2E-7D227D4EDA1B}.MONO28-Release|Any CPU.Build.0 = Release|Any CPU
		{5CA89C3D-2993-478B-8C2E-7D227D4EDA1B}.NET35-Debug|Any CPU.ActiveCfg = Debug|Any CPU
		{5CA89C3D-2993-478B-8C2E-7D227D4EDA1B}.NET35-Debug|Any CPU.Build.0 = Debug|Any CPU
		{5CA89C3D-2993-478B-8C2E-7D227D4EDA1B}.NET35-Release|Any CPU.ActiveCfg = Release|Any CPU
		{5CA89C3D-2993-478B-8C2E-7D227D4EDA1B}.NET35-Release|Any CPU.Build.0 = Release|Any CPU
		{5CA89C3D-2993-478B-8C2E-7D227D4EDA1B}.NET40-Debug|Any CPU.ActiveCfg = Debug|Any CPU
		{5CA89C3D-2993-478B-8C2E-7D227D4EDA1B}.NET40-Debug|Any CPU.Build.0 = Debug|Any CPU
		{5CA89C3D-2993-478B-8C2E-7D227D4EDA1B}.NET40-Release|Any CPU.ActiveCfg = Release|Any CPU
		{5CA89C3D-2993-478B-8C2E-7D227D4EDA1B}.NET40-Release|Any CPU.Build.0 = Release|Any CPU
		{5CA89C3D-2993-478B-8C2E-7D227D4EDA1B}.NET45-Debug|Any CPU.ActiveCfg = Debug|Any CPU
		{5CA89C3D-2993-478B-8C2E-7D227D4EDA1B}.NET45-Debug|Any CPU.Build.0 = Debug|Any CPU
		{5CA89C3D-2993-478B-8C2E-7D227D4EDA1B}.NET45-Release|Any CPU.ActiveCfg = Release|Any CPU
		{5CA89C3D-2993-478B-8C2E-7D227D4EDA1B}.NET45-Release|Any CPU.Build.0 = Release|Any CPU
		{5CA89C3D-2993-478B-8C2E-7D227D4EDA1B}.Nuget|Any CPU.ActiveCfg = Release|Any CPU
		{5CA89C3D-2993-478B-8C2E-7D227D4EDA1B}.Nuget|Any CPU.Build.0 = Release|Any CPU
		{5CA89C3D-2993-478B-8C2E-7D227D4EDA1B}.Release|Any CPU.ActiveCfg = Release|Any CPU
		{5CA89C3D-2993-478B-8C2E-7D227D4EDA1B}.Release|Any CPU.Build.0 = Release|Any CPU
		{5CA89C3D-2993-478B-8C2E-7D227D4EDA1B}.SL40-Debug|Any CPU.ActiveCfg = Debug|Any CPU
		{5CA89C3D-2993-478B-8C2E-7D227D4EDA1B}.SL40-Debug|Any CPU.Build.0 = Debug|Any CPU
		{5CA89C3D-2993-478B-8C2E-7D227D4EDA1B}.SL40-Release|Any CPU.ActiveCfg = Release|Any CPU
		{5CA89C3D-2993-478B-8C2E-7D227D4EDA1B}.SL40-Release|Any CPU.Build.0 = Release|Any CPU
		{5CA89C3D-2993-478B-8C2E-7D227D4EDA1B}.SL50-Debug|Any CPU.ActiveCfg = Debug|Any CPU
		{5CA89C3D-2993-478B-8C2E-7D227D4EDA1B}.SL50-Debug|Any CPU.Build.0 = Debug|Any CPU
		{5CA89C3D-2993-478B-8C2E-7D227D4EDA1B}.SL50-Release|Any CPU.ActiveCfg = Release|Any CPU
		{5CA89C3D-2993-478B-8C2E-7D227D4EDA1B}.SL50-Release|Any CPU.Build.0 = Release|Any CPU
	EndGlobalSection
	GlobalSection(SolutionProperties) = preSolution
		HideSolutionNode = FALSE
	EndGlobalSection
EndGlobal
